Microsoft Visual Studio Solution File, Format Version 12.00
# Visual Studio Version 17
VisualStudioVersion = 17.5.2.0
MinimumVisualStudioVersion = 10.0.40219.1
Project("{FAE04EC0-301F-11D3-BF4B-00C04F79EFBC}") = "nihomebackend", "nihomebackend\nihomebackend.csproj", "{52A77592-7472-F600-C619-7907CDFA32D7}"
EndProject
Project("{FAE04EC0-301F-11D3-BF4B-00C04F79EFBC}") = "nihomebackend.tests", "nihomebackend.tests\nihomebackend.tests.csproj", "{4AE6DDFA-7BED-4270-81CF-E747FCF5303C}"
EndProject
Global
	GlobalSection(SolutionConfigurationPlatforms) = preSolution
		Debug|Any CPU = Debug|Any CPU
		Release|Any CPU = Release|Any CPU
	EndGlobalSection
	GlobalSection(ProjectConfigurationPlatforms) = postSolution
		{52A77592-7472-F600-C619-7907CDFA32D7}.Debug|Any CPU.ActiveCfg = Debug|Any CPU
		{52A77592-7472-F600-C619-7907CDFA32D7}.Debug|Any CPU.Build.0 = Debug|Any CPU
		{52A77592-7472-F600-C619-7907CDFA32D7}.Release|Any CPU.ActiveCfg = Release|Any CPU
		{52A77592-7472-F600-C619-7907CDFA32D7}.Release|Any CPU.Build.0 = Release|Any CPU
		{4AE6DDFA-7BED-4270-81CF-E747FCF5303C}.Debug|Any CPU.ActiveCfg = Debug|Any CPU
		{4AE6DDFA-7BED-4270-81CF-E747FCF5303C}.Debug|Any CPU.Build.0 = Debug|Any CPU
		{4AE6DDFA-7BED-4270-81CF-E747FCF5303C}.Release|Any CPU.ActiveCfg = Release|Any CPU
		{4AE6DDFA-7BED-4270-81CF-E747FCF5303C}.Release|Any CPU.Build.0 = Release|Any CPU
	EndGlobalSection
	GlobalSection(SolutionProperties) = preSolution
		HideSolutionNode = FALSE
	EndGlobalSection
	GlobalSection(ExtensibilityGlobals) = postSolution
		SolutionGuid = {368E7241-803B-4312-9ABC-54461E550806}
	EndGlobalSection
EndGlobal
